
Microsoft Visual Studio Solution File, Format Version 12.00
# Visual Studio Version 16
VisualStudioVersion = 16.0.32002.261
MinimumVisualStudioVersion = 10.0.40219.1
Project("{FAE04EC0-301F-11D3-BF4B-00C04F79EFBC}") = "ConsoleApp17", "ConsoleApp17\ConsoleApp17.csproj", "{DAB861E1-79B7-4FB5-99E3-41468E1AFEAA}"
EndProject
Global
	GlobalSection(SolutionConfigurationPlatforms) = preSolution
		Debug|Any CPU = Debug|Any CPU
		Release|Any CPU = Release|Any CPU
	EndGlobalSection
	GlobalSection(ProjectConfigurationPlatforms) = postSolution
		{DAB861E1-79B7-4FB5-99E3-41468E1AFEAA}.Debug|Any CPU.ActiveCfg = Debug|Any CPU
		{DAB861E1-79B7-4FB5-99E3-41468E1AFEAA}.Debug|Any CPU.Build.0 = Debug|Any CPU
		{DAB861E1-79B7-4FB5-99E3-41468E1AFEAA}.Release|Any CPU.ActiveCfg = Release|Any CPU
		{DAB861E1-79B7-4FB5-99E3-41468E1AFEAA}.Release|Any CPU.Build.0 = Release|Any CPU
	EndGlobalSection
	GlobalSection(SolutionProperties) = preSolution
		HideSolutionNode = FALSE
	EndGlobalSection
	GlobalSection(ExtensibilityGlobals) = postSolution
		SolutionGuid = {6ABE960F-910B-4B04-BE91-A62C7BCFFCE7}
	EndGlobalSection
EndGlobal
